# This file is autogenerated, do not edit; changes may be undone by the next 'dep ensure'.


[[projects]]
  name = "github.com/codegangsta/cli"
  packages = ["."]
  revision = "cfb38830724cc34fedffe9a2a29fb54fa9169cd1"
  version = "v1.20.0"

[[projects]]
  branch = "master"
  name = "github.com/streadway/amqp"
  packages = ["."]
  revision = "ff791c2d22d3f1588b4e2cc71a9fba5e1da90654"

[[projects]]
  name = "gopkg.in/gcfg.v1"
  packages = [".","scanner","token","types"]
  revision = "298b7a6a3838f79debfaee8bd3bfb2b8d779e756"
  version = "v1.2.1"

[[projects]]
  name = "gopkg.in/warnings.v0"
  packages = ["."]
  revision = "8a331561fe74dadba6edfc59f3be66c22c3b065d"
  version = "v0.1.1"

[solve-meta]
  analyzer-name = "dep"
  analyzer-version = 1
  inputs-digest = "dfa09af5e39eb1481e11f3fca6d3b5589b4cb04e08c97b622dbc8f2f0f07087c"
  solver-name = "gps-cdcl"
  solver-version = 1
